// !$*UTF8*$!
{
	archiveVersion = 1;
	classes = {
	};
	objectVersion = 55;
	objects = {

/* Begin PBXBuildFile section */
		26D5826C280A466100E1702D /* AppDelegate.swift in Sources */ = {isa = PBXBuildFile; fileRef = 26D5826B280A466100E1702D /* AppDelegate.swift */; };
		26D5826E280A466100E1702D /* SceneDelegate.swift in Sources */ = {isa = PBXBuildFile; fileRef = 26D5826D280A466100E1702D /* SceneDelegate.swift */; };
		26D58270280A466100E1702D /* ViewController.swift in Sources */ = {isa = PBXBuildFile; fileRef = 26D5826F280A466100E1702D /* ViewController.swift */; };
		26D58273280A466100E1702D /* Main.storyboard in Resources */ = {isa = PBXBuildFile; fileRef = 26D58271280A466100E1702D /* Main.storyboard */; };
		26D58275280A466400E1702D /* Assets.xcassets in Resources */ = {isa = PBXBuildFile; fileRef = 26D58274280A466400E1702D /* Assets.xcassets */; };
		26D58278280A466400E1702D /* LaunchScreen.storyboard in Resources */ = {isa = PBXBuildFile; fileRef = 26D58276280A466400E1702D /* LaunchScreen.storyboard */; };
		26D58280280A4C2F00E1702D /* Delm-Medium.otf in Resources */ = {isa = PBXBuildFile; fileRef = 26D5827F280A4C2F00E1702D /* Delm-Medium.otf */; };
		26D58282280A4C4100E1702D /* ThirstySoftRegular.otf in Resources */ = {isa = PBXBuildFile; fileRef = 26D58281280A4C4100E1702D /* ThirstySoftRegular.otf */; };
		26D58284280A530D00E1702D /* Extension.swift in Sources */ = {isa = PBXBuildFile; fileRef = 26D58283280A530D00E1702D /* Extension.swift */; };
/* End PBXBuildFile section */

/* Begin PBXFileReference section */
		26D58268280A466100E1702D /* instagrid-New.app */ = {isa = PBXFileReference; explicitFileType = wrapper.application; includeInIndex = 0; path = "instagrid-New.app"; sourceTree = BUILT_PRODUCTS_DIR; };
		26D5826B280A466100E1702D /* AppDelegate.swift */ = {isa = PBXFileReference; lastKnownFileType = sourcecode.swift; path = AppDelegate.swift; sourceTree = "<group>"; };
		26D5826D280A466100E1702D /* SceneDelegate.swift */ = {isa = PBXFileReference; lastKnownFileType = sourcecode.swift; path = SceneDelegate.swift; sourceTree = "<group>"; };
		26D5826F280A466100E1702D /* ViewController.swift */ = {isa = PBXFileReference; lastKnownFileType = sourcecode.swift; path = ViewController.swift; sourceTree = "<group>"; };
		26D58272280A466100E1702D /* Base */ = {isa = PBXFileReference; lastKnownFileType = file.storyboard; name = Base; path = Base.lproj/Main.storyboard; sourceTree = "<group>"; };
		26D58274280A466400E1702D /* Assets.xcassets */ = {isa = PBXFileReference; lastKnownFileType = folder.assetcatalog; path = Assets.xcassets; sourceTree = "<group>"; };
		26D58277280A466400E1702D /* Base */ = {isa = PBXFileReference; lastKnownFileType = file.storyboard; name = Base; path = Base.lproj/LaunchScreen.storyboard; sourceTree = "<group>"; };
		26D58279280A466400E1702D /* Info.plist */ = {isa = PBXFileReference; lastKnownFileType = text.plist.xml; path = Info.plist; sourceTree = "<group>"; };
		26D5827F280A4C2F00E1702D /* Delm-Medium.otf */ = {isa = PBXFileReference; lastKnownFileType = file; path = "Delm-Medium.otf"; sourceTree = "<group>"; };
		26D58281280A4C4100E1702D /* ThirstySoftRegular.otf */ = {isa = PBXFileReference; lastKnownFileType = file; path = ThirstySoftRegular.otf; sourceTree = "<group>"; };
		26D58283280A530D00E1702D /* Extension.swift */ = {isa = PBXFileReference; lastKnownFileType = sourcecode.swift; path = Extension.swift; sourceTree = "<group>"; };
/* End PBXFileReference section */

/* Begin PBXFrameworksBuildPhase section */
		26D58265280A466100E1702D /* Frameworks */ = {
			isa = PBXFrameworksBuildPhase;
			buildActionMask = 2147483647;
			files = (
			);
			runOnlyForDeploymentPostprocessing = 0;
		};
/* End PBXFrameworksBuildPhase section */

/* Begin PBXGroup section */
		26D5825F280A466100E1702D = {
			isa = PBXGroup;
			children = (
				26D5826A280A466100E1702D /* instagrid-New */,
				26D58269280A466100E1702D /* Products */,
			);
			sourceTree = "<group>";
		};
		26D58269280A466100E1702D /* Products */ = {
			isa = PBXGroup;
			children = (
				26D58268280A466100E1702D /* instagrid-New.app */,
			);
			name = Products;
			sourceTree = "<group>";
		};
		26D5826A280A466100E1702D /* instagrid-New */ = {
			isa = PBXGroup;
			children = (
				26D5826B280A466100E1702D /* AppDelegate.swift */,
				26D5826D280A466100E1702D /* SceneDelegate.swift */,
				26D5826F280A466100E1702D /* ViewController.swift */,
				26D5827F280A4C2F00E1702D /* Delm-Medium.otf */,
				26D58281280A4C4100E1702D /* ThirstySoftRegular.otf */,
				26D58271280A466100E1702D /* Main.storyboard */,
				26D58283280A530D00E1702D /* Extension.swift */,
				26D58274280A466400E1702D /* Assets.xcassets */,
				26D58276280A466400E1702D /* LaunchScreen.storyboard */,
				26D58279280A466400E1702D /* Info.plist */,
			);
			path = "instagrid-New";
			sourceTree = "<group>";
		};
/* End PBXGroup section */

/* Begin PBXNativeTarget section */
		26D58267280A466100E1702D /* instagrid-New */ = {
			isa = PBXNativeTarget;
			buildConfigurationList = 26D5827C280A466400E1702D /* Build configuration list for PBXNativeTarget "instagrid-New" */;
			buildPhases = (
				26D58264280A466100E1702D /* Sources */,
				26D58265280A466100E1702D /* Frameworks */,
				26D58266280A466100E1702D /* Resources */,
			);
			buildRules = (
			);
			dependencies = (
			);
			name = "instagrid-New";
			productName = "instagrid-New";
			productReference = 26D58268280A466100E1702D /* instagrid-New.app */;
			productType = "com.apple.product-type.application";
		};
/* End PBXNativeTarget section */

/* Begin PBXProject section */
		26D58260280A466100E1702D /* Project object */ = {
			isa = PBXProject;
			attributes = {
				BuildIndependentTargetsInParallel = 1;
				LastSwiftUpdateCheck = 1330;
				LastUpgradeCheck = 1330;
				TargetAttributes = {
					26D58267280A466100E1702D = {
						CreatedOnToolsVersion = 13.3.1;
					};
				};
			};
			buildConfigurationList = 26D58263280A466100E1702D /* Build configuration list for PBXProject "instagrid-New" */;
			compatibilityVersion = "Xcode 13.0";
			developmentRegion = en;
			hasScannedForEncodings = 0;
			knownRegions = (
				en,
				Base,
			);
			mainGroup = 26D5825F280A466100E1702D;
			productRefGroup = 26D58269280A466100E1702D /* Products */;
			projectDirPath = "";
			projectRoot = "";
			targets = (
				26D58267280A466100E1702D /* instagrid-New */,
			);
		};
/* End PBXProject section */

/* Begin PBXResourcesBuildPhase section */
		26D58266280A466100E1702D /* Resources */ = {
			isa = PBXResourcesBuildPhase;
			buildActionMask = 2147483647;
			files = (
				26D58278280A466400E1702D /* LaunchScreen.storyboard in Resources */,
				26D58275280A466400E1702D /* Assets.xcassets in Resources */,
				26D58282280A4C4100E1702D /* ThirstySoftRegular.otf in Resources */,
				26D58280280A4C2F00E1702D /* Delm-Medium.otf in Resources */,
				26D58273280A466100E1702D /* Main.storyboard in Resources */,
			);
			runOnlyForDeploymentPostprocessing = 0;
		};
/* End PBXResourcesBuildPhase section */

/* Begin PBXSourcesBuildPhase section */
		26D58264280A466100E1702D /* Sources */ = {
			isa = PBXSourcesBuildPhase;
			buildActionMask = 2147483647;
			files = (
				26D58270280A466100E1702D /* ViewController.swift in Sources */,
				26D5826C280A466100E1702D /* AppDelegate.swift in Sources */,
				26D5826E280A466100E1702D /* SceneDelegate.swift in Sources */,
				26D58284280A530D00E1702D /* Extension.swift in Sources */,
			);
			runOnlyForDeploymentPostprocessing = 0;
		};
/* End PBXSourcesBuildPhase section */

/* Begin PBXVariantGroup section */
		26D58271280A466100E1702D /* Main.storyboard */ = {
			isa = PBXVariantGroup;
			children = (
				26D58272280A466100E1702D /* Base */,
			);
			name = Main.storyboard;
			sourceTree = "<group>";
		};
		26D58276280A466400E1702D /* LaunchScreen.storyboard */ = {
			isa = PBXVariantGroup;
			children = (
				26D58277280A466400E1702D /* Base */,
			);
			name = LaunchScreen.storyboard;
			sourceTree = "<group>";
		};
/* End PBXVariantGroup section */

/* Begin XCBuildConfiguration section */
		26D5827A280A466400E1702D /* Debug */ = {
			isa = XCBuildConfiguration;
			buildSettings = {
				ALWAYS_SEARCH_USER_PATHS = NO;
				CLANG_ANALYZER_NONNULL = YES;
				CLANG_ANALYZER_NUMBER_OBJECT_CONVERSION = YES_AGGRESSIVE;
				CLANG_CXX_LANGUAGE_STANDARD = "gnu++17";
				CLANG_ENABLE_MODULES = YES;
				CLANG_ENABLE_OBJC_ARC = YES;
				CLANG_ENABLE_OBJC_WEAK = YES;
				CLANG_WARN_BLOCK_CAPTURE_AUTORELEASING = YES;
				CLANG_WARN_BOOL_CONVERSION = YES;
				CLANG_WARN_COMMA = YES;
				CLANG_WARN_CONSTANT_CONVERSION = YES;
				CLANG_WARN_DEPRECATED_OBJC_IMPLEMENTATIONS = YES;
				CLANG_WARN_DIRECT_OBJC_ISA_USAGE = YES_ERROR;
				CLANG_WARN_DOCUMENTATION_COMMENTS = YES;
				CLANG_WARN_EMPTY_BODY = YES;
				CLANG_WARN_ENUM_CONVERSION = YES;
				CLANG_WARN_INFINITE_RECURSION = YES;
				CLANG_WARN_INT_CONVERSION = YES;
				CLANG_WARN_NON_LITERAL_NULL_CONVERSION = YES;
				CLANG_WARN_OBJC_IMPLICIT_RETAIN_SELF = YES;
				CLANG_WARN_OBJC_LITERAL_CONVERSION = YES;
				CLANG_WARN_OBJC_ROOT_CLASS = YES_ERROR;
				CLANG_WARN_QUOTED_INCLUDE_IN_FRAMEWORK_HEADER = YES;
				CLANG_WARN_RANGE_LOOP_ANALYSIS = YES;
				CLANG_WARN_STRICT_PROTOTYPES = YES;
				CLANG_WARN_SUSPICIOUS_MOVE = YES;
				CLANG_WARN_UNGUARDED_AVAILABILITY = YES_AGGRESSIVE;
				CLANG_WARN_UNREACHABLE_CODE = YES;
				CLANG_WARN__DUPLICATE_METHOD_MATCH = YES;
				COPY_PHASE_STRIP = NO;
				DEBUG_INFORMATION_FORMAT = dwarf;
				ENABLE_STRICT_OBJC_MSGSEND = YES;
				ENABLE_TESTABILITY = YES;
				GCC_C_LANGUAGE_STANDARD = gnu11;
				GCC_DYNAMIC_NO_PIC = NO;
				GCC_NO_COMMON_BLOCKS = YES;
				GCC_OPTIMIZATION_LEVEL = 0;
				GCC_PREPROCESSOR_DEFINITIONS = (
					"DEBUG=1",
					"$(inherited)",
				);
				GCC_WARN_64_TO_32_BIT_CONVERSION = YES;
				GCC_WARN_ABOUT_RETURN_TYPE = YES_ERROR;
				GCC_WARN_UNDECLARED_SELECTOR = YES;
				GCC_WARN_UNINITIALIZED_AUTOS = YES_AGGRESSIVE;
				GCC_WARN_UNUSED_FUNCTION = YES;
				GCC_WARN_UNUSED_VARIABLE = YES;
				IPHONEOS_DEPLOYMENT_TARGET = 15.4;
				MTL_ENABLE_DEBUG_INFO = INCLUDE_SOURCE;
				MTL_FAST_MATH = YES;
				ONLY_ACTIVE_ARCH = YES;
				SDKROOT = iphoneos;
				SWIFT_ACTIVE_COMPILATION_CONDITIONS = DEBUG;
				SWIFT_OPTIMIZATION_LEVEL = "-Onone";
			};
			name = Debug;
		};
		26D5827B280A466400E1702D /* Release */ = {
			isa = XCBuildConfiguration;
			buildSettings = {
				ALWAYS_SEARCH_USER_PATHS = NO;
				CLANG_ANALYZER_NONNULL = YES;
				CLANG_ANALYZER_NUMBER_OBJECT_CONVERSION = YES_AGGRESSIVE;
				CLANG_CXX_LANGUAGE_STANDARD = "gnu++17";
				CLANG_ENABLE_MODULES = YES;
				CLANG_ENABLE_OBJC_ARC = YES;
				CLANG_ENABLE_OBJC_WEAK = YES;
				CLANG_WARN_BLOCK_CAPTURE_AUTORELEASING = YES;
				CLANG_WARN_BOOL_CONVERSION = YES;
				CLANG_WARN_COMMA = YES;
				CLANG_WARN_CONSTANT_CONVERSION = YES;
				CLANG_WARN_DEPRECATED_OBJC_IMPLEMENTATIONS = YES;
				CLANG_WARN_DIRECT_OBJC_ISA_USAGE = YES_ERROR;
				CLANG_WARN_DOCUMENTATION_COMMENTS = YES;
				CLANG_WARN_EMPTY_BODY = YES;
				CLANG_WARN_ENUM_CONVERSION = YES;
				CLANG_WARN_INFINITE_RECURSION = YES;
				CLANG_WARN_INT_CONVERSION = YES;
				CLANG_WARN_NON_LITERAL_NULL_CONVERSION = YES;
				CLANG_WARN_OBJC_IMPLICIT_RETAIN_SELF = YES;
				CLANG_WARN_OBJC_LITERAL_CONVERSION = YES;
				CLANG_WARN_OBJC_ROOT_CLASS = YES_ERROR;
				CLANG_WARN_QUOTED_INCLUDE_IN_FRAMEWORK_HEADER = YES;
				CLANG_WARN_RANGE_LOOP_ANALYSIS = YES;
				CLANG_WARN_STRICT_PROTOTYPES = YES;
				CLANG_WARN_SUSPICIOUS_MOVE = YES;
				CLANG_WARN_UNGUARDED_AVAILABILITY = YES_AGGRESSIVE;
				CLANG_WARN_UNREACHABLE_CODE = YES;
				CLANG_WARN__DUPLICATE_METHOD_MATCH = YES;
				COPY_PHASE_STRIP = NO;
				DEBUG_INFORMATION_FORMAT = "dwarf-with-dsym";
				ENABLE_NS_ASSERTIONS = NO;
				ENABLE_STRICT_OBJC_MSGSEND = YES;
				GCC_C_LANGUAGE_STANDARD = gnu11;
				GCC_NO_COMMON_BLOCKS = YES;
				GCC_WARN_64_TO_32_BIT_CONVERSION = YES;
				GCC_WARN_ABOUT_RETURN_TYPE = YES_ERROR;
				GCC_WARN_UNDECLARED_SELECTOR = YES;
				GCC_WARN_UNINITIALIZED_AUTOS = YES_AGGRESSIVE;
				GCC_WARN_UNUSED_FUNCTION = YES;
				GCC_WARN_UNUSED_VARIABLE = YES;
				IPHONEOS_DEPLOYMENT_TARGET = 15.4;
				MTL_ENABLE_DEBUG_INFO = NO;
				MTL_FAST_MATH = YES;
				SDKROOT = iphoneos;
				SWIFT_COMPILATION_MODE = wholemodule;
				SWIFT_OPTIMIZATION_LEVEL = "-O";
				VALIDATE_PRODUCT = YES;
			};
			name = Release;
		};
		26D5827D280A466400E1702D /* Debug */ = {
			isa = XCBuildConfiguration;
			buildSettings = {
				ASSETCATALOG_COMPILER_APPICON_NAME = AppIcon;
				ASSETCATALOG_COMPILER_GLOBAL_ACCENT_COLOR_NAME = AccentColor;
				CODE_SIGN_STYLE = Automatic;
				CURRENT_PROJECT_VERSION = 1;
				DEVELOPMENT_TEAM = ZD87C2Z59S;
				GENERATE_INFOPLIST_FILE = YES;
				INFOPLIST_FILE = "instagrid-New/Info.plist";
				INFOPLIST_KEY_NSCameraUsageDescription = "acess camera";
				INFOPLIST_KEY_NSPhotoLibraryAddUsageDescription = "acess photo";
				INFOPLIST_KEY_UIApplicationSupportsIndirectInputEvents = YES;
				INFOPLIST_KEY_UILaunchStoryboardName = LaunchScreen;
				INFOPLIST_KEY_UIMainStoryboardFile = Main;
				INFOPLIST_KEY_UISupportedInterfaceOrientations = "UIInterfaceOrientationLandscapeLeft UIInterfaceOrientationLandscapeRight UIInterfaceOrientationPortrait";
				INFOPLIST_KEY_UISupportedInterfaceOrientations_iPad = "UIInterfaceOrientationPortrait UIInterfaceOrientationPortraitUpsideDown UIInterfaceOrientationLandscapeLeft UIInterfaceOrientationLandscapeRight";
				INFOPLIST_KEY_UISupportedInterfaceOrientations_iPhone = "UIInterfaceOrientationPortrait UIInterfaceOrientationLandscapeLeft UIInterfaceOrientationLandscapeRight";
				LD_RUNPATH_SEARCH_PATHS = (
					"$(inherited)",
					"@executable_path/Frameworks",
				);
				MARKETING_VERSION = 1.0;
				PRODUCT_BUNDLE_IDENTIFIER = "fr.stornee.instagrid-New";
				PRODUCT_NAME = "$(TARGET_NAME)";
				SWIFT_EMIT_LOC_STRINGS = YES;
				SWIFT_VERSION = 5.0;
				TARGETED_DEVICE_FAMILY = 1;
			};
			name = Debug;
		};
		26D5827E280A466400E1702D /* Release */ = {
			isa = XCBuildConfiguration;
			buildSettings = {
				ASSETCATALOG_COMPILER_APPICON_NAME = AppIcon;
				ASSETCATALOG_COMPILER_GLOBAL_ACCENT_COLOR_NAME = AccentColor;
				CODE_SIGN_STYLE = Automatic;
				CURRENT_PROJECT_VERSION = 1;
				DEVELOPMENT_TEAM = ZD87C2Z59S;
				GENERATE_INFOPLIST_FILE = YES;
				INFOPLIST_FILE = "instagrid-New/Info.plist";
				INFOPLIST_KEY_NSCameraUsageDescription = "acess camera";
				INFOPLIST_KEY_NSPhotoLibraryAddUsageDescription = "acess photo";
				INFOPLIST_KEY_UIApplicationSupportsIndirectInputEvents = YES;
				INFOPLIST_KEY_UILaunchStoryboardName = LaunchScreen;
				INFOPLIST_KEY_UIMainStoryboardFile = Main;
				INFOPLIST_KEY_UISupportedInterfaceOrientations = "UIInterfaceOrientationLandscapeLeft UIInterfaceOrientationLandscapeRight UIInterfaceOrientationPortrait";
				INFOPLIST_KEY_UISupportedInterfaceOrientations_iPad = "UIInterfaceOrientationPortrait UIInterfaceOrientationPortraitUpsideDown UIInterfaceOrientationLandscapeLeft UIInterfaceOrientationLandscapeRight";
				INFOPLIST_KEY_UISupportedInterfaceOrientations_iPhone = "UIInterfaceOrientationPortrait UIInterfaceOrientationLandscapeLeft UIInterfaceOrientationLandscapeRight";
				LD_RUNPATH_SEARCH_PATHS = (
					"$(inherited)",
					"@executable_path/Frameworks",
				);
				MARKETING_VERSION = 1.0;
				PRODUCT_BUNDLE_IDENTIFIER = "fr.stornee.instagrid-New";
				PRODUCT_NAME = "$(TARGET_NAME)";
				SWIFT_EMIT_LOC_STRINGS = YES;
				SWIFT_VERSION = 5.0;
				TARGETED_DEVICE_FAMILY = 1;
			};
			name = Release;
		};
/* End XCBuildConfiguration section */

/* Begin XCConfigurationList section */
		26D58263280A466100E1702D /* Build configuration list for PBXProject "instagrid-New" */ = {
			isa = XCConfigurationList;
			buildConfigurations = (
				26D5827A280A466400E1702D /* Debug */,
				26D5827B280A466400E1702D /* Release */,
			);
			defaultConfigurationIsVisible = 0;
			defaultConfigurationName = Release;
		};
		26D5827C280A466400E1702D /* Build configuration list for PBXNativeTarget "instagrid-New" */ = {
			isa = XCConfigurationList;
			buildConfigurations = (
				26D5827D280A466400E1702D /* Debug */,
				26D5827E280A466400E1702D /* Release */,
			);
			defaultConfigurationIsVisible = 0;
			defaultConfigurationName = Release;
		};
/* End XCConfigurationList section */
	};
	rootObject = 26D58260280A466100E1702D /* Project object */;
}
